
Microsoft Visual Studio Solution File, Format Version 12.00
# Visual Studio Version 17
VisualStudioVersion = 17.13.35825.156 d17.13
MinimumVisualStudioVersion = 10.0.40219.1
Project("{FAE04EC0-301F-11D3-BF4B-00C04F79EFBC}") = "ProductCheckerBack", "ProductCheckerBack\ProductCheckerBack.csproj", "{8D0D9C89-CF81-4CF3-80CB-53BDBD1EDD88}"
EndProject
Global
	GlobalSection(SolutionConfigurationPlatforms) = preSolution
		Debug|Any CPU = Debug|Any CPU
		Release|Any CPU = Release|Any CPU
	EndGlobalSection
	GlobalSection(ProjectConfigurationPlatforms) = postSolution
		{8D0D9C89-CF81-4CF3-80CB-53BDBD1EDD88}.Debug|Any CPU.ActiveCfg = Debug|Any CPU
		{8D0D9C89-CF81-4CF3-80CB-53BDBD1EDD88}.Debug|Any CPU.Build.0 = Debug|Any CPU
		{8D0D9C89-CF81-4CF3-80CB-53BDBD1EDD88}.Release|Any CPU.ActiveCfg = Release|Any CPU
		{8D0D9C89-CF81-4CF3-80CB-53BDBD1EDD88}.Release|Any CPU.Build.0 = Release|Any CPU
	EndGlobalSection
	GlobalSection(SolutionProperties) = preSolution
		HideSolutionNode = FALSE
	EndGlobalSection
	GlobalSection(ExtensibilityGlobals) = postSolution
		SolutionGuid = {5E64A77A-5618-4564-A7EC-40BAFD687D16}
	EndGlobalSection
EndGlobal
